
Microsoft Visual Studio Solution File, Format Version 12.00
# Visual Studio Version 17
VisualStudioVersion = 17.6.33829.357
MinimumVisualStudioVersion = 10.0.40219.1
Project("{FAE04EC0-301F-11D3-BF4B-00C04F79EFBC}") = "DotNetCollections", "DotNetCollections\DotNetCollections.csproj", "{EBED0764-A51D-4C6F-BBA5-94F05F2FAC69}"
EndProject
Global
	GlobalSection(SolutionConfigurationPlatforms) = preSolution
		Debug|Any CPU = Debug|Any CPU
		Release|Any CPU = Release|Any CPU
	EndGlobalSection
	GlobalSection(ProjectConfigurationPlatforms) = postSolution
		{EBED0764-A51D-4C6F-BBA5-94F05F2FAC69}.Debug|Any CPU.ActiveCfg = Debug|Any CPU
		{EBED0764-A51D-4C6F-BBA5-94F05F2FAC69}.Debug|Any CPU.Build.0 = Debug|Any CPU
		{EBED0764-A51D-4C6F-BBA5-94F05F2FAC69}.Release|Any CPU.ActiveCfg = Release|Any CPU
		{EBED0764-A51D-4C6F-BBA5-94F05F2FAC69}.Release|Any CPU.Build.0 = Release|Any CPU
	EndGlobalSection
	GlobalSection(SolutionProperties) = preSolution
		HideSolutionNode = FALSE
	EndGlobalSection
	GlobalSection(ExtensibilityGlobals) = postSolution
		SolutionGuid = {2BEE5C00-1EDD-4BED-88F7-CB6002B00050}
	EndGlobalSection
EndGlobal
